// !$*UTF8*$!
{
	archiveVersion = 1;
	classes = {
	};
	objectVersion = 46;
	objects = {
/* Begin PBXBuildFile section */
		0207DA581B56EA530066E2B4 /* Images.xcassets in Resources */ = {isa = PBXBuildFile; fileRef = 0207DA571B56EA530066E2B4 /* Images.xcassets */; };
		023142FBB5704BBF8017D20E /* CDVLocation.m in Sources */ = {isa = PBXBuildFile; fileRef = E6FF116BE6304081AD6E40B7 /* CDVLocation.m */; };
		086C04F238754EFE93F795C8 /* CDVCamera.m in Sources */ = {isa = PBXBuildFile; fileRef = 8576E8C326EB4A98B0AA7ECC /* CDVCamera.m */; };
		143D11249A0440719019FE76 /* CDVSound.m in Sources */ = {isa = PBXBuildFile; fileRef = FC18A3BAF2444D90978887FA /* CDVSound.m */; };
		171428D6EEEE474C88302413 /* CDVFileTransfer.m in Sources */ = {isa = PBXBuildFile; fileRef = 9AC14F0A08BC4F698EF30B05 /* CDVFileTransfer.m */; };
		1D3623260D0F684500981E51 /* AppDelegate.m in Sources */ = {isa = PBXBuildFile; fileRef = 1D3623250D0F684500981E51 /* AppDelegate.m */; };
		1D60589B0D05DD56006BFB54 /* main.m in Sources */ = {isa = PBXBuildFile; fileRef = 29B97316FDCFA39411CA2CEA /* main.m */; };
		21A4AED53DE24DE5996052C9 /* CDVCapture.m in Sources */ = {isa = PBXBuildFile; fileRef = 2EA8FFDE942F409DA78CFF70 /* CDVCapture.m */; };
		27E3CD978EF3433CB5DF665E /* CDVStatusBar.m in Sources */ = {isa = PBXBuildFile; fileRef = 88C889CA4F534E4E878A1339 /* CDVStatusBar.m */; };
		301BF552109A68D80062928A /* libCordova.a in Frameworks */ = {isa = PBXBuildFile; fileRef = 301BF535109A57CC0062928A /* libCordova.a */; };
		302D95F114D2391D003F00A1 /* MainViewController.m in Sources */ = {isa = PBXBuildFile; fileRef = 302D95EF14D2391D003F00A1 /* MainViewController.m */; };
		302D95F214D2391D003F00A1 /* MainViewController.xib in Resources */ = {isa = PBXBuildFile; fileRef = 302D95F014D2391D003F00A1 /* MainViewController.xib */; };
		43F3E5F0CAD545F7B29880DB /* CoreMotion.framework in Frameworks */ = {isa = PBXBuildFile; fileRef = D91523182E7249FA94630BE9 /* CoreMotion.framework */; };
		46D0647D118444F5A90BA4DA /* CDVDevice.m in Sources */ = {isa = PBXBuildFile; fileRef = 5E10CC136EC54953B8B5440B /* CDVDevice.m */; };
		47296B54625A40C698F5CDFA /* SystemConfiguration.framework in Frameworks */ = {isa = PBXBuildFile; fileRef = 067D30F1C5A94E6CA40142AA /* SystemConfiguration.framework */; settings = {ATTRIBUTES = (Weak, ); }; };
		48588B67BAEA4FBFBE479A1B /* CDVAssetLibraryFilesystem.m in Sources */ = {isa = PBXBuildFile; fileRef = 6D774184F26B4C0D9CBAA074 /* CDVAssetLibraryFilesystem.m */; };
		4915B116C34A4EAF9960018C /* CDVFile.m in Sources */ = {isa = PBXBuildFile; fileRef = 9B029ED38C074B66897E9744 /* CDVFile.m */; };
		52B1580B71CC449FBCCDD4EB /* CDVCapture.bundle in Resources */ = {isa = PBXBuildFile; fileRef = 4552D50F6B3B4C9B9D2D0492 /* CDVCapture.bundle */; };
		556C18343117424A91E083B8 /* UIImage+CropScaleOrientation.m in Sources */ = {isa = PBXBuildFile; fileRef = 41104C3503744062A7C3EF9C /* UIImage+CropScaleOrientation.m */; };
		58AEC43E98584AC1B3B41771 /* CDVConnection.m in Sources */ = {isa = PBXBuildFile; fileRef = 8365E2B8A05B485397429886 /* CDVConnection.m */; };
		58F12FED358D4020AE5EB6E8 /* CDVGlobalization.m in Sources */ = {isa = PBXBuildFile; fileRef = D4E6B34F007A4D68ABC9A97A /* CDVGlobalization.m */; };
		5A5B2645DF154090B44C34EE /* CDVViewController+SplashScreen.m in Sources */ = {isa = PBXBuildFile; fileRef = F1B1D04BFB1F49299837010B /* CDVViewController+SplashScreen.m */; };
		5CC1E56CAED849768BD89FCD /* CDVVibration.m in Sources */ = {isa = PBXBuildFile; fileRef = 7D2923EDD3A14A4AA684696E /* CDVVibration.m */; };
		6AFF5BF91D6E424B00AB3073 /* CDVLaunchScreen.storyboard in Resources */ = {isa = PBXBuildFile; fileRef = 6AFF5BF81D6E424B00AB3073 /* CDVLaunchScreen.storyboard */; };
		6CCB939CA60049609A7AA0DC /* CDVCompass.m in Sources */ = {isa = PBXBuildFile; fileRef = 814E8CB9924E4E108940E5E9 /* CDVCompass.m */; };
		7B585E44B4194CBABFC23F6D /* CDVSplashScreen.m in Sources */ = {isa = PBXBuildFile; fileRef = CF3CD28E75F74C4DA6870AB3 /* CDVSplashScreen.m */; };
		7DB2E1CFA703475CB708DD46 /* CDVJpegHeaderWriter.m in Sources */ = {isa = PBXBuildFile; fileRef = F8D081B037294C529BC996B3 /* CDVJpegHeaderWriter.m */; };
		7E6EC6B57FA549EFA1A6D2C6 /* CDVAccelerometer.m in Sources */ = {isa = PBXBuildFile; fileRef = F071BE09BABE457699562710 /* CDVAccelerometer.m */; };
		7EBDABE892B3423592D7E8A9 /* CDVInAppBrowser.m in Sources */ = {isa = PBXBuildFile; fileRef = 670F4EE2B9AE42BCAE6FA085 /* CDVInAppBrowser.m */; };
		7FB3D1C4878A4D0BA67B77C5 /* CoreTelephony.framework in Frameworks */ = {isa = PBXBuildFile; fileRef = 29BB3DEC9E2E4A4E99A66BB2 /* CoreTelephony.framework */; };
		9E4CB885F49E4099A2DC8BE9 /* CDVLocalFilesystem.m in Sources */ = {isa = PBXBuildFile; fileRef = C3C733F2308346AE82401C76 /* CDVLocalFilesystem.m */; };
		A1424F886B874AB18E660C14 /* ImageIO.framework in Frameworks */ = {isa = PBXBuildFile; fileRef = 6E32C975C3E14074BEA3A412 /* ImageIO.framework */; settings = {ATTRIBUTES = (Weak, ); }; };
		B68501C7C174465CB42A3BFF /* CDVContacts.m in Sources */ = {isa = PBXBuildFile; fileRef = 9EFEF87686464BD484CA93FD /* CDVContacts.m */; };
		BAA58D5911504441BE577072 /* AVFoundation.framework in Frameworks */ = {isa = PBXBuildFile; fileRef = 540B9BEBA4494E11BFE4BD61 /* AVFoundation.framework */; };
		CA2DB7B3BD104CE4A0879F8B /* CDVReachability.m in Sources */ = {isa = PBXBuildFile; fileRef = B3BF48E84DBB41FCBAE8E8DA /* CDVReachability.m */; };
		CEEAB6D450394125B953C2AE /* CoreLocation.framework in Frameworks */ = {isa = PBXBuildFile; fileRef = 11044294156441A0BA0A2360 /* CoreLocation.framework */; };
		DA862EA506594A32B9FA128C /* AddressBookUI.framework in Frameworks */ = {isa = PBXBuildFile; fileRef = 5933B19C90A147C5B8E50AD1 /* AddressBookUI.framework */; settings = {ATTRIBUTES = (Weak, ); }; };
		DE5209AEC2D1407EB4C9CD55 /* CDVContact.m in Sources */ = {isa = PBXBuildFile; fileRef = 67018ED7BD61425791F184A7 /* CDVContact.m */; };
		E1DAFEE99E3B433EB5EF91DB /* CDVNotification.bundle in Resources */ = {isa = PBXBuildFile; fileRef = 268D669D3E774834926D36AB /* CDVNotification.bundle */; };
		E5C7F2EFBE2943A6B36471EF /* CDVBattery.m in Sources */ = {isa = PBXBuildFile; fileRef = 94291A98EBB34FE6923D9A55 /* CDVBattery.m */; };
		E68B2091AB4242929A129B88 /* CDVLogger.m in Sources */ = {isa = PBXBuildFile; fileRef = EF582FC3F5194B99917A3879 /* CDVLogger.m */; };
		EB7B5E7B1531472EB16B40C3 /* CDVNotification.m in Sources */ = {isa = PBXBuildFile; fileRef = DF49398AFB66471F9F8B8C3F /* CDVNotification.m */; };
		EC749EE36E744D0F9D49A819 /* AddressBook.framework in Frameworks */ = {isa = PBXBuildFile; fileRef = 882938CDA73541B39E7D817A /* AddressBook.framework */; settings = {ATTRIBUTES = (Weak, ); }; };
		F243D9918CB74E7D9ABBC2BD /* AudioToolbox.framework in Frameworks */ = {isa = PBXBuildFile; fileRef = F68BDC1FE9A74AE6B3E486E7 /* AudioToolbox.framework */; settings = {ATTRIBUTES = (Weak, ); }; };
/* End PBXBuildFile section */

/* Begin PBXContainerItemProxy section */
		301BF534109A57CC0062928A /* PBXContainerItemProxy */ = {
			isa = PBXContainerItemProxy;
			containerPortal = 301BF52D109A57CC0062928A /* CordovaLib.xcodeproj */;
			proxyType = 2;
			remoteGlobalIDString = D2AAC07E0554694100DB518D;
			remoteInfo = CordovaLib;
		};
		301BF550109A68C00062928A /* PBXContainerItemProxy */ = {
			isa = PBXContainerItemProxy;
			containerPortal = 301BF52D109A57CC0062928A /* CordovaLib.xcodeproj */;
			proxyType = 1;
			remoteGlobalIDString = D2AAC07D0554694100DB518D;
			remoteInfo = CordovaLib;
		};
/* End PBXContainerItemProxy section */

/* Begin PBXFileReference section */
		0207DA571B56EA530066E2B4 /* Images.xcassets */ = {isa = PBXFileReference; lastKnownFileType = folder.assetcatalog; name = Images.xcassets; path = Explorer/Images.xcassets; sourceTree = SOURCE_ROOT; };
		02941002D5BA4DBCA58BA967 /* CDVConnection.h */ = {isa = PBXFileReference; explicitFileType = undefined; fileEncoding = 4; includeInIndex = 0; lastKnownFileType = sourcecode.c.h; name = CDVConnection.h; path = "cordova-plugin-network-information/CDVConnection.h"; sourceTree = "<group>"; };
		067D30F1C5A94E6CA40142AA /* SystemConfiguration.framework */ = {isa = PBXFileReference; explicitFileType = undefined; fileEncoding = 9; includeInIndex = 0; lastKnownFileType = wrapper.framework; name = SystemConfiguration.framework; path = System/Library/Frameworks/SystemConfiguration.framework; sourceTree = SDKROOT; };
		0C1213A7A168447D8206BD7B /* CDVCompass.h */ = {isa = PBXFileReference; explicitFileType = undefined; fileEncoding = 4; includeInIndex = 0; lastKnownFileType = sourcecode.c.h; name = CDVCompass.h; path = "cordova-plugin-device-orientation/CDVCompass.h"; sourceTree = "<group>"; };
		0F89D0FACB5D4955AB631DD0 /* CDVCamera.h */ = {isa = PBXFileReference; explicitFileType = undefined; fileEncoding = 4; includeInIndex = 0; lastKnownFileType = sourcecode.c.h; name = CDVCamera.h; path = "cordova-plugin-camera/CDVCamera.h"; sourceTree = "<group>"; };
		11044294156441A0BA0A2360 /* CoreLocation.framework */ = {isa = PBXFileReference; explicitFileType = undefined; fileEncoding = 9; includeInIndex = 0; lastKnownFileType = wrapper.framework; name = CoreLocation.framework; path = System/Library/Frameworks/CoreLocation.framework; sourceTree = SDKROOT; };
		1264978048A0464B872B205E /* CDVSplashScreen.h */ = {isa = PBXFileReference; explicitFileType = undefined; fileEncoding = 4; includeInIndex = 0; lastKnownFileType = sourcecode.c.h; name = CDVSplashScreen.h; path = "cordova-plugin-splashscreen/CDVSplashScreen.h"; sourceTree = "<group>"; };
		1D3623240D0F684500981E51 /* AppDelegate.h */ = {isa = PBXFileReference; fileEncoding = 4; lastKnownFileType = sourcecode.c.h; path = AppDelegate.h; sourceTree = "<group>"; };
		1D3623250D0F684500981E51 /* AppDelegate.m */ = {isa = PBXFileReference; fileEncoding = 4; lastKnownFileType = sourcecode.c.objc; path = AppDelegate.m; sourceTree = "<group>"; };
		1D6058910D05DD3D006BFB54 /* Explorer.app */ = {isa = PBXFileReference; explicitFileType = wrapper.application; includeInIndex = 0; path = Explorer.app; sourceTree = BUILT_PRODUCTS_DIR; };
		268D669D3E774834926D36AB /* CDVNotification.bundle */ = {isa = PBXFileReference; explicitFileType = undefined; fileEncoding = 9; includeInIndex = 0; lastKnownFileType = "wrapper.plug-in"; path = CDVNotification.bundle; sourceTree = "<group>"; };
		29B97316FDCFA39411CA2CEA /* main.m */ = {isa = PBXFileReference; fileEncoding = 4; lastKnownFileType = sourcecode.c.objc; path = main.m; sourceTree = "<group>"; };
		29BB3DEC9E2E4A4E99A66BB2 /* CoreTelephony.framework */ = {isa = PBXFileReference; explicitFileType = undefined; fileEncoding = 9; includeInIndex = 0; lastKnownFileType = wrapper.framework; name = CoreTelephony.framework; path = System/Library/Frameworks/CoreTelephony.framework; sourceTree = SDKROOT; };
		2B05DA07937C44BA8AA42CD6 /* CDVLocalFilesystem.h */ = {isa = PBXFileReference; explicitFileType = undefined; fileEncoding = 4; includeInIndex = 0; lastKnownFileType = sourcecode.c.h; name = CDVLocalFilesystem.h; path = "cordova-plugin-file/CDVLocalFilesystem.h"; sourceTree = "<group>"; };
		2E83BC20E7A7480C962D13DE /* CDVAccelerometer.h */ = {isa = PBXFileReference; explicitFileType = undefined; fileEncoding = 4; includeInIndex = 0; lastKnownFileType = sourcecode.c.h; name = CDVAccelerometer.h; path = "cordova-plugin-device-motion/CDVAccelerometer.h"; sourceTree = "<group>"; };
		2EA8FFDE942F409DA78CFF70 /* CDVCapture.m */ = {isa = PBXFileReference; explicitFileType = undefined; fileEncoding = 4; includeInIndex = 0; lastKnownFileType = sourcecode.c.objc; name = CDVCapture.m; path = "cordova-plugin-media-capture/CDVCapture.m"; sourceTree = "<group>"; };
		301BF52D109A57CC0062928A /* CordovaLib.xcodeproj */ = {isa = PBXFileReference; lastKnownFileType = "wrapper.pb-project"; name = CordovaLib.xcodeproj; path = CordovaLib/CordovaLib.xcodeproj; sourceTree = "<group>"; };
		301BF56E109A69640062928A /* www */ = {isa = PBXFileReference; lastKnownFileType = folder; path = www; sourceTree = SOURCE_ROOT; };
		302D95EE14D2391D003F00A1 /* MainViewController.h */ = {isa = PBXFileReference; fileEncoding = 4; lastKnownFileType = sourcecode.c.h; path = MainViewController.h; sourceTree = "<group>"; };
		302D95EF14D2391D003F00A1 /* MainViewController.m */ = {isa = PBXFileReference; fileEncoding = 4; lastKnownFileType = sourcecode.c.objc; path = MainViewController.m; sourceTree = "<group>"; };
		302D95F014D2391D003F00A1 /* MainViewController.xib */ = {isa = PBXFileReference; fileEncoding = 4; lastKnownFileType = file.xib; path = MainViewController.xib; sourceTree = "<group>"; };
		3047A50F1AB8059700498E2A /* build-debug.xcconfig */ = {isa = PBXFileReference; fileEncoding = 4; lastKnownFileType = text.xcconfig; name = "build-debug.xcconfig"; path = "cordova/build-debug.xcconfig"; sourceTree = SOURCE_ROOT; };
		3047A5101AB8059700498E2A /* build-release.xcconfig */ = {isa = PBXFileReference; fileEncoding = 4; lastKnownFileType = text.xcconfig; name = "build-release.xcconfig"; path = "cordova/build-release.xcconfig"; sourceTree = SOURCE_ROOT; };
		3047A5111AB8059700498E2A /* build.xcconfig */ = {isa = PBXFileReference; fileEncoding = 4; lastKnownFileType = text.xcconfig; name = build.xcconfig; path = cordova/build.xcconfig; sourceTree = SOURCE_ROOT; };
		32CA4F630368D1EE00C91783 /* Explorer-Prefix.pch */ = {isa = PBXFileReference; fileEncoding = 4; lastKnownFileType = sourcecode.c.h; path = "Explorer-Prefix.pch"; sourceTree = "<group>"; };
		36E0786BDB0742C2A8ADD561 /* UIImage+CropScaleOrientation.h */ = {isa = PBXFileReference; explicitFileType = undefined; fileEncoding = 4; includeInIndex = 0; lastKnownFileType = sourcecode.c.h; name = "UIImage+CropScaleOrientation.h"; path = "cordova-plugin-camera/UIImage+CropScaleOrientation.h"; sourceTree = "<group>"; };
		3EFFF3FB86424D169C2DF6AE /* CDVContacts.h */ = {isa = PBXFileReference; explicitFileType = undefined; fileEncoding = 4; includeInIndex = 0; lastKnownFileType = sourcecode.c.h; name = CDVContacts.h; path = "cordova-plugin-contacts/CDVContacts.h"; sourceTree = "<group>"; };
		41104C3503744062A7C3EF9C /* UIImage+CropScaleOrientation.m */ = {isa = PBXFileReference; explicitFileType = undefined; fileEncoding = 4; includeInIndex = 0; lastKnownFileType = sourcecode.c.objc; name = "UIImage+CropScaleOrientation.m"; path = "cordova-plugin-camera/UIImage+CropScaleOrientation.m"; sourceTree = "<group>"; };
		4552D50F6B3B4C9B9D2D0492 /* CDVCapture.bundle */ = {isa = PBXFileReference; explicitFileType = undefined; fileEncoding = 9; includeInIndex = 0; lastKnownFileType = "wrapper.plug-in"; path = CDVCapture.bundle; sourceTree = "<group>"; };
		456AA736CAF64C599A13C973 /* CDVContact.h */ = {isa = PBXFileReference; explicitFileType = undefined; fileEncoding = 4; includeInIndex = 0; lastKnownFileType = sourcecode.c.h; name = CDVContact.h; path = "cordova-plugin-contacts/CDVContact.h"; sourceTree = "<group>"; };
		4964E425D41B4F8B95376C19 /* CDVBattery.h */ = {isa = PBXFileReference; explicitFileType = undefined; fileEncoding = 4; includeInIndex = 0; lastKnownFileType = sourcecode.c.h; name = CDVBattery.h; path = "cordova-plugin-battery-status/CDVBattery.h"; sourceTree = "<group>"; };
		540B9BEBA4494E11BFE4BD61 /* AVFoundation.framework */ = {isa = PBXFileReference; explicitFileType = undefined; fileEncoding = 9; includeInIndex = 0; lastKnownFileType = wrapper.framework; name = AVFoundation.framework; path = System/Library/Frameworks/AVFoundation.framework; sourceTree = SDKROOT; };
		5933B19C90A147C5B8E50AD1 /* AddressBookUI.framework */ = {isa = PBXFileReference; explicitFileType = undefined; fileEncoding = 9; includeInIndex = 0; lastKnownFileType = wrapper.framework; name = AddressBookUI.framework; path = System/Library/Frameworks/AddressBookUI.framework; sourceTree = SDKROOT; };
		5B77BD7BD3274B75B8968886 /* CDVCapture.h */ = {isa = PBXFileReference; explicitFileType = undefined; fileEncoding = 4; includeInIndex = 0; lastKnownFileType = sourcecode.c.h; name = CDVCapture.h; path = "cordova-plugin-media-capture/CDVCapture.h"; sourceTree = "<group>"; };
		5E10CC136EC54953B8B5440B /* CDVDevice.m */ = {isa = PBXFileReference; explicitFileType = undefined; fileEncoding = 4; includeInIndex = 0; lastKnownFileType = sourcecode.c.objc; name = CDVDevice.m; path = "cordova-plugin-device/CDVDevice.m"; sourceTree = "<group>"; };
		65AF2A0464A745EF99E9B6FA /* CDVInAppBrowser.h */ = {isa = PBXFileReference; explicitFileType = undefined; fileEncoding = 4; includeInIndex = 0; lastKnownFileType = sourcecode.c.h; name = CDVInAppBrowser.h; path = "cordova-plugin-inappbrowser/CDVInAppBrowser.h"; sourceTree = "<group>"; };
		67018ED7BD61425791F184A7 /* CDVContact.m */ = {isa = PBXFileReference; explicitFileType = undefined; fileEncoding = 4; includeInIndex = 0; lastKnownFileType = sourcecode.c.objc; name = CDVContact.m; path = "cordova-plugin-contacts/CDVContact.m"; sourceTree = "<group>"; };
		670F4EE2B9AE42BCAE6FA085 /* CDVInAppBrowser.m */ = {isa = PBXFileReference; explicitFileType = undefined; fileEncoding = 4; includeInIndex = 0; lastKnownFileType = sourcecode.c.objc; name = CDVInAppBrowser.m; path = "cordova-plugin-inappbrowser/CDVInAppBrowser.m"; sourceTree = "<group>"; };
		6AFF5BF81D6E424B00AB3073 /* CDVLaunchScreen.storyboard */ = {isa = PBXFileReference; fileEncoding = 4; lastKnownFileType = file.storyboard; name = CDVLaunchScreen.storyboard; path = Explorer/CDVLaunchScreen.storyboard; sourceTree = SOURCE_ROOT; };
		6BBE54CEE06944E294D9A7F4 /* CDVGlobalization.h */ = {isa = PBXFileReference; explicitFileType = undefined; fileEncoding = 4; includeInIndex = 0; lastKnownFileType = sourcecode.c.h; name = CDVGlobalization.h; path = "cordova-plugin-globalization/CDVGlobalization.h"; sourceTree = "<group>"; };
		6D774184F26B4C0D9CBAA074 /* CDVAssetLibraryFilesystem.m */ = {isa = PBXFileReference; explicitFileType = undefined; fileEncoding = 4; includeInIndex = 0; lastKnownFileType = sourcecode.c.objc; name = CDVAssetLibraryFilesystem.m; path = "cordova-plugin-file/CDVAssetLibraryFilesystem.m"; sourceTree = "<group>"; };
		6E32C975C3E14074BEA3A412 /* ImageIO.framework */ = {isa = PBXFileReference; explicitFileType = undefined; fileEncoding = 9; includeInIndex = 0; lastKnownFileType = wrapper.framework; name = ImageIO.framework; path = System/Library/Frameworks/ImageIO.framework; sourceTree = SDKROOT; };
		75FF9DBCFDBB4DD7B4D6A02F /* CDVVibration.h */ = {isa = PBXFileReference; explicitFileType = undefined; fileEncoding = 4; includeInIndex = 0; lastKnownFileType = sourcecode.c.h; name = CDVVibration.h; path = "cordova-plugin-vibration/CDVVibration.h"; sourceTree = "<group>"; };
		7D2923EDD3A14A4AA684696E /* CDVVibration.m */ = {isa = PBXFileReference; explicitFileType = undefined; fileEncoding = 4; includeInIndex = 0; lastKnownFileType = sourcecode.c.objc; name = CDVVibration.m; path = "cordova-plugin-vibration/CDVVibration.m"; sourceTree = "<group>"; };
		80A8401FB5DC425684D6804E /* CDVFile.h */ = {isa = PBXFileReference; explicitFileType = undefined; fileEncoding = 4; includeInIndex = 0; lastKnownFileType = sourcecode.c.h; name = CDVFile.h; path = "cordova-plugin-file/CDVFile.h"; sourceTree = "<group>"; };
		814E8CB9924E4E108940E5E9 /* CDVCompass.m */ = {isa = PBXFileReference; explicitFileType = undefined; fileEncoding = 4; includeInIndex = 0; lastKnownFileType = sourcecode.c.objc; name = CDVCompass.m; path = "cordova-plugin-device-orientation/CDVCompass.m"; sourceTree = "<group>"; };
		8365E2B8A05B485397429886 /* CDVConnection.m */ = {isa = PBXFileReference; explicitFileType = undefined; fileEncoding = 4; includeInIndex = 0; lastKnownFileType = sourcecode.c.objc; name = CDVConnection.m; path = "cordova-plugin-network-information/CDVConnection.m"; sourceTree = "<group>"; };
		8576E8C326EB4A98B0AA7ECC /* CDVCamera.m */ = {isa = PBXFileReference; explicitFileType = undefined; fileEncoding = 4; includeInIndex = 0; lastKnownFileType = sourcecode.c.objc; name = CDVCamera.m; path = "cordova-plugin-camera/CDVCamera.m"; sourceTree = "<group>"; };
		882938CDA73541B39E7D817A /* AddressBook.framework */ = {isa = PBXFileReference; explicitFileType = undefined; fileEncoding = 9; includeInIndex = 0; lastKnownFileType = wrapper.framework; name = AddressBook.framework; path = System/Library/Frameworks/AddressBook.framework; sourceTree = SDKROOT; };
		88C889CA4F534E4E878A1339 /* CDVStatusBar.m */ = {isa = PBXFileReference; explicitFileType = undefined; fileEncoding = 4; includeInIndex = 0; lastKnownFileType = sourcecode.c.objc; name = CDVStatusBar.m; path = "cordova-plugin-statusbar/CDVStatusBar.m"; sourceTree = "<group>"; };
		895160BB25534AC79ABAEFA2 /* CDVSound.h */ = {isa = PBXFileReference; explicitFileType = undefined; fileEncoding = 4; includeInIndex = 0; lastKnownFileType = sourcecode.c.h; name = CDVSound.h; path = "cordova-plugin-media/CDVSound.h"; sourceTree = "<group>"; };
		8D1107310486CEB800E47090 /* Explorer-Info.plist */ = {isa = PBXFileReference; fileEncoding = 4; lastKnownFileType = text.plist.xml; name = "Explorer-Info.plist"; path = "Explorer/Explorer-Info.plist"; plistStructureDefinitionIdentifier = "com.apple.xcode.plist.structure-definition.iphone.info-plist"; sourceTree = SOURCE_ROOT; };
		94291A98EBB34FE6923D9A55 /* CDVBattery.m */ = {isa = PBXFileReference; explicitFileType = undefined; fileEncoding = 4; includeInIndex = 0; lastKnownFileType = sourcecode.c.objc; name = CDVBattery.m; path = "cordova-plugin-battery-status/CDVBattery.m"; sourceTree = "<group>"; };
		9AC14F0A08BC4F698EF30B05 /* CDVFileTransfer.m */ = {isa = PBXFileReference; explicitFileType = undefined; fileEncoding = 4; includeInIndex = 0; lastKnownFileType = sourcecode.c.objc; name = CDVFileTransfer.m; path = "cordova-plugin-file-transfer/CDVFileTransfer.m"; sourceTree = "<group>"; };
		9B029ED38C074B66897E9744 /* CDVFile.m */ = {isa = PBXFileReference; explicitFileType = undefined; fileEncoding = 4; includeInIndex = 0; lastKnownFileType = sourcecode.c.objc; name = CDVFile.m; path = "cordova-plugin-file/CDVFile.m"; sourceTree = "<group>"; };
		9EFEF87686464BD484CA93FD /* CDVContacts.m */ = {isa = PBXFileReference; explicitFileType = undefined; fileEncoding = 4; includeInIndex = 0; lastKnownFileType = sourcecode.c.objc; name = CDVContacts.m; path = "cordova-plugin-contacts/CDVContacts.m"; sourceTree = "<group>"; };
		A0033015483341008E131FA3 /* CDVJpegHeaderWriter.h */ = {isa = PBXFileReference; explicitFileType = undefined; fileEncoding = 4; includeInIndex = 0; lastKnownFileType = sourcecode.c.h; name = CDVJpegHeaderWriter.h; path = "cordova-plugin-camera/CDVJpegHeaderWriter.h"; sourceTree = "<group>"; };
		AA605ECA9AB14D728B858D9D /* CDVStatusBar.h */ = {isa = PBXFileReference; explicitFileType = undefined; fileEncoding = 4; includeInIndex = 0; lastKnownFileType = sourcecode.c.h; name = CDVStatusBar.h; path = "cordova-plugin-statusbar/CDVStatusBar.h"; sourceTree = "<group>"; };
		ACCE41B73EA84604954405ED /* CDVReachability.h */ = {isa = PBXFileReference; explicitFileType = undefined; fileEncoding = 4; includeInIndex = 0; lastKnownFileType = sourcecode.c.h; name = CDVReachability.h; path = "cordova-plugin-network-information/CDVReachability.h"; sourceTree = "<group>"; };
		B3BF48E84DBB41FCBAE8E8DA /* CDVReachability.m */ = {isa = PBXFileReference; explicitFileType = undefined; fileEncoding = 4; includeInIndex = 0; lastKnownFileType = sourcecode.c.objc; name = CDVReachability.m; path = "cordova-plugin-network-information/CDVReachability.m"; sourceTree = "<group>"; };
		B505CB46ECF746C9AAB67337 /* CDVAssetLibraryFilesystem.h */ = {isa = PBXFileReference; explicitFileType = undefined; fileEncoding = 4; includeInIndex = 0; lastKnownFileType = sourcecode.c.h; name = CDVAssetLibraryFilesystem.h; path = "cordova-plugin-file/CDVAssetLibraryFilesystem.h"; sourceTree = "<group>"; };
		B7389C0E975E4A25A3B35B80 /* CDVLogger.h */ = {isa = PBXFileReference; explicitFileType = undefined; fileEncoding = 4; includeInIndex = 0; lastKnownFileType = sourcecode.c.h; name = CDVLogger.h; path = "cordova-plugin-console/CDVLogger.h"; sourceTree = "<group>"; };
		C3C733F2308346AE82401C76 /* CDVLocalFilesystem.m */ = {isa = PBXFileReference; explicitFileType = undefined; fileEncoding = 4; includeInIndex = 0; lastKnownFileType = sourcecode.c.objc; name = CDVLocalFilesystem.m; path = "cordova-plugin-file/CDVLocalFilesystem.m"; sourceTree = "<group>"; };
		CF3CD28E75F74C4DA6870AB3 /* CDVSplashScreen.m */ = {isa = PBXFileReference; explicitFileType = undefined; fileEncoding = 4; includeInIndex = 0; lastKnownFileType = sourcecode.c.objc; name = CDVSplashScreen.m; path = "cordova-plugin-splashscreen/CDVSplashScreen.m"; sourceTree = "<group>"; };
		D0607C59013B406AA81261DF /* CDVExif.h */ = {isa = PBXFileReference; explicitFileType = undefined; fileEncoding = 4; includeInIndex = 0; lastKnownFileType = sourcecode.c.h; name = CDVExif.h; path = "cordova-plugin-camera/CDVExif.h"; sourceTree = "<group>"; };
		D1B3015BE45E4A5EB1CB9DF7 /* CDVViewController+SplashScreen.h */ = {isa = PBXFileReference; explicitFileType = undefined; fileEncoding = 4; includeInIndex = 0; lastKnownFileType = sourcecode.c.h; name = "CDVViewController+SplashScreen.h"; path = "cordova-plugin-splashscreen/CDVViewController+SplashScreen.h"; sourceTree = "<group>"; };
		D4E6B34F007A4D68ABC9A97A /* CDVGlobalization.m */ = {isa = PBXFileReference; explicitFileType = undefined; fileEncoding = 4; includeInIndex = 0; lastKnownFileType = sourcecode.c.objc; name = CDVGlobalization.m; path = "cordova-plugin-globalization/CDVGlobalization.m"; sourceTree = "<group>"; };
		D68705719C1B4AD0A343C04F /* CDVDevice.h */ = {isa = PBXFileReference; explicitFileType = undefined; fileEncoding = 4; includeInIndex = 0; lastKnownFileType = sourcecode.c.h; name = CDVDevice.h; path = "cordova-plugin-device/CDVDevice.h"; sourceTree = "<group>"; };
		D91523182E7249FA94630BE9 /* CoreMotion.framework */ = {isa = PBXFileReference; explicitFileType = undefined; fileEncoding = 9; includeInIndex = 0; lastKnownFileType = wrapper.framework; name = CoreMotion.framework; path = System/Library/Frameworks/CoreMotion.framework; sourceTree = SDKROOT; };
		DBE8B730DDF344DE8CEDAD78 /* CDVFileTransfer.h */ = {isa = PBXFileReference; explicitFileType = undefined; fileEncoding = 4; includeInIndex = 0; lastKnownFileType = sourcecode.c.h; name = CDVFileTransfer.h; path = "cordova-plugin-file-transfer/CDVFileTransfer.h"; sourceTree = "<group>"; };
		DF49398AFB66471F9F8B8C3F /* CDVNotification.m */ = {isa = PBXFileReference; explicitFileType = undefined; fileEncoding = 4; includeInIndex = 0; lastKnownFileType = sourcecode.c.objc; name = CDVNotification.m; path = "cordova-plugin-dialogs/CDVNotification.m"; sourceTree = "<group>"; };
		E6FF116BE6304081AD6E40B7 /* CDVLocation.m */ = {isa = PBXFileReference; explicitFileType = undefined; fileEncoding = 4; includeInIndex = 0; lastKnownFileType = sourcecode.c.objc; name = CDVLocation.m; path = "cordova-plugin-geolocation/CDVLocation.m"; sourceTree = "<group>"; };
		EB87FDF31871DA8E0020F90C /* www */ = {isa = PBXFileReference; lastKnownFileType = folder; name = www; path = ../../www; sourceTree = "<group>"; };
		EB87FDF41871DAF40020F90C /* config.xml */ = {isa = PBXFileReference; lastKnownFileType = text.xml; name = config.xml; path = ../../config.xml; sourceTree = "<group>"; };
		ED33DF2A687741AEAF9F8254 /* Bridging-Header.h */ = {isa = PBXFileReference; fileEncoding = 4; lastKnownFileType = sourcecode.c.h; path = "Bridging-Header.h"; sourceTree = "<group>"; };
		EF582FC3F5194B99917A3879 /* CDVLogger.m */ = {isa = PBXFileReference; explicitFileType = undefined; fileEncoding = 4; includeInIndex = 0; lastKnownFileType = sourcecode.c.objc; name = CDVLogger.m; path = "cordova-plugin-console/CDVLogger.m"; sourceTree = "<group>"; };
		F071BE09BABE457699562710 /* CDVAccelerometer.m */ = {isa = PBXFileReference; explicitFileType = undefined; fileEncoding = 4; includeInIndex = 0; lastKnownFileType = sourcecode.c.objc; name = CDVAccelerometer.m; path = "cordova-plugin-device-motion/CDVAccelerometer.m"; sourceTree = "<group>"; };
		F1B1D04BFB1F49299837010B /* CDVViewController+SplashScreen.m */ = {isa = PBXFileReference; explicitFileType = undefined; fileEncoding = 4; includeInIndex = 0; lastKnownFileType = sourcecode.c.objc; name = "CDVViewController+SplashScreen.m"; path = "cordova-plugin-splashscreen/CDVViewController+SplashScreen.m"; sourceTree = "<group>"; };
		F68BDC1FE9A74AE6B3E486E7 /* AudioToolbox.framework */ = {isa = PBXFileReference; explicitFileType = undefined; fileEncoding = 9; includeInIndex = 0; lastKnownFileType = wrapper.framework; name = AudioToolbox.framework; path = System/Library/Frameworks/AudioToolbox.framework; sourceTree = SDKROOT; };
		F840E1F0165FE0F500CFE078 /* config.xml */ = {isa = PBXFileReference; lastKnownFileType = text.xml; name = config.xml; path = Explorer/config.xml; sourceTree = "<group>"; };
		F8D081B037294C529BC996B3 /* CDVJpegHeaderWriter.m */ = {isa = PBXFileReference; explicitFileType = undefined; fileEncoding = 4; includeInIndex = 0; lastKnownFileType = sourcecode.c.objc; name = CDVJpegHeaderWriter.m; path = "cordova-plugin-camera/CDVJpegHeaderWriter.m"; sourceTree = "<group>"; };
		FC18A3BAF2444D90978887FA /* CDVSound.m */ = {isa = PBXFileReference; explicitFileType = undefined; fileEncoding = 4; includeInIndex = 0; lastKnownFileType = sourcecode.c.objc; name = CDVSound.m; path = "cordova-plugin-media/CDVSound.m"; sourceTree = "<group>"; };
		FCA988B1FAAB49DA989DF126 /* CDVNotification.h */ = {isa = PBXFileReference; explicitFileType = undefined; fileEncoding = 4; includeInIndex = 0; lastKnownFileType = sourcecode.c.h; name = CDVNotification.h; path = "cordova-plugin-dialogs/CDVNotification.h"; sourceTree = "<group>"; };
		FEABE7C27F3C4325B5D052D9 /* CDVLocation.h */ = {isa = PBXFileReference; explicitFileType = undefined; fileEncoding = 4; includeInIndex = 0; lastKnownFileType = sourcecode.c.h; name = CDVLocation.h; path = "cordova-plugin-geolocation/CDVLocation.h"; sourceTree = "<group>"; };
/* End PBXFileReference section */

/* Begin PBXFrameworksBuildPhase section */
		1D60588F0D05DD3D006BFB54 /* Frameworks */ = {
			isa = PBXFrameworksBuildPhase;
			buildActionMask = 2147483647;
			files = (
				301BF552109A68D80062928A /* libCordova.a in Frameworks */,
				A1424F886B874AB18E660C14 /* ImageIO.framework in Frameworks */,
				CEEAB6D450394125B953C2AE /* CoreLocation.framework in Frameworks */,
				BAA58D5911504441BE577072 /* AVFoundation.framework in Frameworks */,
				EC749EE36E744D0F9D49A819 /* AddressBook.framework in Frameworks */,
				DA862EA506594A32B9FA128C /* AddressBookUI.framework in Frameworks */,
				43F3E5F0CAD545F7B29880DB /* CoreMotion.framework in Frameworks */,
				F243D9918CB74E7D9ABBC2BD /* AudioToolbox.framework in Frameworks */,
				47296B54625A40C698F5CDFA /* SystemConfiguration.framework in Frameworks */,
				7FB3D1C4878A4D0BA67B77C5 /* CoreTelephony.framework in Frameworks */,
			);
			runOnlyForDeploymentPostprocessing = 0;
		};
/* End PBXFrameworksBuildPhase section */

/* Begin PBXGroup section */
		080E96DDFE201D6D7F000001 /* Classes */ = {
			isa = PBXGroup;
			children = (
				302D95EE14D2391D003F00A1 /* MainViewController.h */,
				302D95EF14D2391D003F00A1 /* MainViewController.m */,
				302D95F014D2391D003F00A1 /* MainViewController.xib */,
				1D3623240D0F684500981E51 /* AppDelegate.h */,
				1D3623250D0F684500981E51 /* AppDelegate.m */,
			);
			name = Classes;
			path = Explorer/Classes;
			sourceTree = SOURCE_ROOT;
		};
		19C28FACFE9D520D11CA2CBB /* Products */ = {
			isa = PBXGroup;
			children = (
				1D6058910D05DD3D006BFB54 /* Explorer.app */,
			);
			name = Products;
			sourceTree = "<group>";
		};
		29B97314FDCFA39411CA2CEA /* CustomTemplate */ = {
			isa = PBXGroup;
			children = (
				EB87FDF41871DAF40020F90C /* config.xml */,
				EB87FDF31871DA8E0020F90C /* www */,
				EB87FDF11871DA420020F90C /* Staging */,
				301BF52D109A57CC0062928A /* CordovaLib.xcodeproj */,
				080E96DDFE201D6D7F000001 /* Classes */,
				307C750510C5A3420062BCA9 /* Plugins */,
				29B97315FDCFA39411CA2CEA /* Other Sources */,
				29B97317FDCFA39411CA2CEA /* Resources */,
				29B97323FDCFA39411CA2CEA /* Frameworks */,
				19C28FACFE9D520D11CA2CBB /* Products */,
			);
			name = CustomTemplate;
			sourceTree = "<group>";
		};
		29B97315FDCFA39411CA2CEA /* Other Sources */ = {
			isa = PBXGroup;
			children = (
				32CA4F630368D1EE00C91783 /* Explorer-Prefix.pch */,
				29B97316FDCFA39411CA2CEA /* main.m */,
				ED33DF2A687741AEAF9F8254 /* Bridging-Header.h */,
			);
			name = "Other Sources";
			path = Explorer;
			sourceTree = "<group>";
		};
		29B97317FDCFA39411CA2CEA /* Resources */ = {
			isa = PBXGroup;
			children = (
				0207DA571B56EA530066E2B4 /* Images.xcassets */,
				3047A50E1AB8057F00498E2A /* config */,
				8D1107310486CEB800E47090 /* Explorer-Info.plist */,
				6AFF5BF81D6E424B00AB3073 /* CDVLaunchScreen.storyboard */,
				4552D50F6B3B4C9B9D2D0492 /* CDVCapture.bundle */,
				268D669D3E774834926D36AB /* CDVNotification.bundle */,
			);
			name = Resources;
			path = Explorer/Resources;
			sourceTree = "<group>";
		};
		29B97323FDCFA39411CA2CEA /* Frameworks */ = {
			isa = PBXGroup;
			children = (
				6E32C975C3E14074BEA3A412 /* ImageIO.framework */,
				11044294156441A0BA0A2360 /* CoreLocation.framework */,
				540B9BEBA4494E11BFE4BD61 /* AVFoundation.framework */,
				882938CDA73541B39E7D817A /* AddressBook.framework */,
				5933B19C90A147C5B8E50AD1 /* AddressBookUI.framework */,
				D91523182E7249FA94630BE9 /* CoreMotion.framework */,
				F68BDC1FE9A74AE6B3E486E7 /* AudioToolbox.framework */,
				067D30F1C5A94E6CA40142AA /* SystemConfiguration.framework */,
				29BB3DEC9E2E4A4E99A66BB2 /* CoreTelephony.framework */,
			);
			name = Frameworks;
			sourceTree = "<group>";
		};
		301BF52E109A57CC0062928A /* Products */ = {
			isa = PBXGroup;
			children = (
				301BF535109A57CC0062928A /* libCordova.a */,
			);
			name = Products;
			sourceTree = "<group>";
		};
		3047A50E1AB8057F00498E2A /* config */ = {
			isa = PBXGroup;
			children = (
				3047A50F1AB8059700498E2A /* build-debug.xcconfig */,
				3047A5101AB8059700498E2A /* build-release.xcconfig */,
				3047A5111AB8059700498E2A /* build.xcconfig */,
			);
			name = config;
			sourceTree = "<group>";
		};
		307C750510C5A3420062BCA9 /* Plugins */ = {
			isa = PBXGroup;
			children = (
				94291A98EBB34FE6923D9A55 /* CDVBattery.m */,
				4964E425D41B4F8B95376C19 /* CDVBattery.h */,
				41104C3503744062A7C3EF9C /* UIImage+CropScaleOrientation.m */,
				8576E8C326EB4A98B0AA7ECC /* CDVCamera.m */,
				F8D081B037294C529BC996B3 /* CDVJpegHeaderWriter.m */,
				36E0786BDB0742C2A8ADD561 /* UIImage+CropScaleOrientation.h */,
				0F89D0FACB5D4955AB631DD0 /* CDVCamera.h */,
				A0033015483341008E131FA3 /* CDVJpegHeaderWriter.h */,
				D0607C59013B406AA81261DF /* CDVExif.h */,
				9B029ED38C074B66897E9744 /* CDVFile.m */,
				C3C733F2308346AE82401C76 /* CDVLocalFilesystem.m */,
				6D774184F26B4C0D9CBAA074 /* CDVAssetLibraryFilesystem.m */,
				80A8401FB5DC425684D6804E /* CDVFile.h */,
				2B05DA07937C44BA8AA42CD6 /* CDVLocalFilesystem.h */,
				B505CB46ECF746C9AAB67337 /* CDVAssetLibraryFilesystem.h */,
				2EA8FFDE942F409DA78CFF70 /* CDVCapture.m */,
				5B77BD7BD3274B75B8968886 /* CDVCapture.h */,
				EF582FC3F5194B99917A3879 /* CDVLogger.m */,
				B7389C0E975E4A25A3B35B80 /* CDVLogger.h */,
				9EFEF87686464BD484CA93FD /* CDVContacts.m */,
				67018ED7BD61425791F184A7 /* CDVContact.m */,
				3EFFF3FB86424D169C2DF6AE /* CDVContacts.h */,
				456AA736CAF64C599A13C973 /* CDVContact.h */,
				5E10CC136EC54953B8B5440B /* CDVDevice.m */,
				D68705719C1B4AD0A343C04F /* CDVDevice.h */,
				F071BE09BABE457699562710 /* CDVAccelerometer.m */,
				2E83BC20E7A7480C962D13DE /* CDVAccelerometer.h */,
				814E8CB9924E4E108940E5E9 /* CDVCompass.m */,
				0C1213A7A168447D8206BD7B /* CDVCompass.h */,
				DF49398AFB66471F9F8B8C3F /* CDVNotification.m */,
				FCA988B1FAAB49DA989DF126 /* CDVNotification.h */,
				9AC14F0A08BC4F698EF30B05 /* CDVFileTransfer.m */,
				DBE8B730DDF344DE8CEDAD78 /* CDVFileTransfer.h */,
				E6FF116BE6304081AD6E40B7 /* CDVLocation.m */,
				FEABE7C27F3C4325B5D052D9 /* CDVLocation.h */,
				D4E6B34F007A4D68ABC9A97A /* CDVGlobalization.m */,
				6BBE54CEE06944E294D9A7F4 /* CDVGlobalization.h */,
				670F4EE2B9AE42BCAE6FA085 /* CDVInAppBrowser.m */,
				65AF2A0464A745EF99E9B6FA /* CDVInAppBrowser.h */,
				FC18A3BAF2444D90978887FA /* CDVSound.m */,
				895160BB25534AC79ABAEFA2 /* CDVSound.h */,
				8365E2B8A05B485397429886 /* CDVConnection.m */,
				B3BF48E84DBB41FCBAE8E8DA /* CDVReachability.m */,
				02941002D5BA4DBCA58BA967 /* CDVConnection.h */,
				ACCE41B73EA84604954405ED /* CDVReachability.h */,
				CF3CD28E75F74C4DA6870AB3 /* CDVSplashScreen.m */,
				F1B1D04BFB1F49299837010B /* CDVViewController+SplashScreen.m */,
				1264978048A0464B872B205E /* CDVSplashScreen.h */,
				D1B3015BE45E4A5EB1CB9DF7 /* CDVViewController+SplashScreen.h */,
				88C889CA4F534E4E878A1339 /* CDVStatusBar.m */,
				AA605ECA9AB14D728B858D9D /* CDVStatusBar.h */,
				7D2923EDD3A14A4AA684696E /* CDVVibration.m */,
				75FF9DBCFDBB4DD7B4D6A02F /* CDVVibration.h */,
			);
			name = Plugins;
			path = Explorer/Plugins;
			sourceTree = SOURCE_ROOT;
		};
		EB87FDF11871DA420020F90C /* Staging */ = {
			isa = PBXGroup;
			children = (
				F840E1F0165FE0F500CFE078 /* config.xml */,
				301BF56E109A69640062928A /* www */,
			);
			name = Staging;
			sourceTree = "<group>";
		};
/* End PBXGroup section */

/* Begin PBXNativeTarget section */
		1D6058900D05DD3D006BFB54 /* Explorer */ = {
			isa = PBXNativeTarget;
			buildConfigurationList = 1D6058960D05DD3E006BFB54 /* Build configuration list for PBXNativeTarget "Explorer" */;
			buildPhases = (
				304B58A110DAC018002A0835 /* Copy www directory */,
				1D60588D0D05DD3D006BFB54 /* Resources */,
				1D60588E0D05DD3D006BFB54 /* Sources */,
				1D60588F0D05DD3D006BFB54 /* Frameworks */,
			);
			buildRules = (
			);
			dependencies = (
				301BF551109A68C00062928A /* PBXTargetDependency */,
			);
			name = Explorer;
			productName = Explorer;
			productReference = 1D6058910D05DD3D006BFB54 /* Explorer.app */;
			productType = "com.apple.product-type.application";
		};
/* End PBXNativeTarget section */

/* Begin PBXProject section */
		29B97313FDCFA39411CA2CEA /* Project object */ = {
			isa = PBXProject;
			attributes = {
				LastUpgradeCheck = 820;
				TargetAttributes = {
					1D6058900D05DD3D006BFB54 = {
						DevelopmentTeam = FPH8JHN78A;
					};
				};
			};
			buildConfigurationList = C01FCF4E08A954540054247B /* Build configuration list for PBXProject "Explorer" */;
			compatibilityVersion = "Xcode 3.2";
			developmentRegion = English;
			hasScannedForEncodings = 1;
			knownRegions = (
				en,
			);
			mainGroup = 29B97314FDCFA39411CA2CEA /* CustomTemplate */;
			projectDirPath = "";
			projectReferences = (
				{
					ProductGroup = 301BF52E109A57CC0062928A /* Products */;
					ProjectRef = 301BF52D109A57CC0062928A /* CordovaLib.xcodeproj */;
				},
			);
			projectRoot = "";
			targets = (
				1D6058900D05DD3D006BFB54 /* Explorer */,
			);
		};
/* End PBXProject section */

/* Begin PBXReferenceProxy section */
		301BF535109A57CC0062928A /* libCordova.a */ = {
			isa = PBXReferenceProxy;
			fileType = archive.ar;
			path = libCordova.a;
			remoteRef = 301BF534109A57CC0062928A /* PBXContainerItemProxy */;
			sourceTree = BUILT_PRODUCTS_DIR;
		};
/* End PBXReferenceProxy section */

/* Begin PBXResourcesBuildPhase section */
		1D60588D0D05DD3D006BFB54 /* Resources */ = {
			isa = PBXResourcesBuildPhase;
			buildActionMask = 2147483647;
			files = (
				302D95F214D2391D003F00A1 /* MainViewController.xib in Resources */,
				0207DA581B56EA530066E2B4 /* Images.xcassets in Resources */,
				6AFF5BF91D6E424B00AB3073 /* CDVLaunchScreen.storyboard in Resources */,
				52B1580B71CC449FBCCDD4EB /* CDVCapture.bundle in Resources */,
				E1DAFEE99E3B433EB5EF91DB /* CDVNotification.bundle in Resources */,
			);
			runOnlyForDeploymentPostprocessing = 0;
		};
/* End PBXResourcesBuildPhase section */

/* Begin PBXShellScriptBuildPhase section */
		304B58A110DAC018002A0835 /* Copy www directory */ = {
			isa = PBXShellScriptBuildPhase;
			buildActionMask = 2147483647;
			files = (
			);
			inputPaths = (
			);
			name = "Copy www directory";
			outputPaths = (
			);
			runOnlyForDeploymentPostprocessing = 0;
			shellPath = /bin/sh;
			shellScript = "NODEJS_PATH=/usr/local/bin; NVM_NODE_PATH=~/.nvm/versions/node/`nvm version 2>/dev/null`/bin; N_NODE_PATH=`find /usr/local/n/versions/node/* -maxdepth 0 -type d 2>/dev/null | tail -1`/bin; XCODE_NODE_PATH=`xcode-select --print-path`/usr/share/xcs/Node/bin; PATH=$NODEJS_PATH:$NVM_NODE_PATH:$N_NODE_PATH:$XCODE_NODE_PATH:$PATH && node cordova/lib/copy-www-build-step.js";
			showEnvVarsInLog = 0;
		};
/* End PBXShellScriptBuildPhase section */

/* Begin PBXSourcesBuildPhase section */
		1D60588E0D05DD3D006BFB54 /* Sources */ = {
			isa = PBXSourcesBuildPhase;
			buildActionMask = 2147483647;
			files = (
				1D60589B0D05DD56006BFB54 /* main.m in Sources */,
				1D3623260D0F684500981E51 /* AppDelegate.m in Sources */,
				302D95F114D2391D003F00A1 /* MainViewController.m in Sources */,
				E5C7F2EFBE2943A6B36471EF /* CDVBattery.m in Sources */,
				556C18343117424A91E083B8 /* UIImage+CropScaleOrientation.m in Sources */,
				086C04F238754EFE93F795C8 /* CDVCamera.m in Sources */,
				7DB2E1CFA703475CB708DD46 /* CDVJpegHeaderWriter.m in Sources */,
				4915B116C34A4EAF9960018C /* CDVFile.m in Sources */,
				9E4CB885F49E4099A2DC8BE9 /* CDVLocalFilesystem.m in Sources */,
				48588B67BAEA4FBFBE479A1B /* CDVAssetLibraryFilesystem.m in Sources */,
				21A4AED53DE24DE5996052C9 /* CDVCapture.m in Sources */,
				E68B2091AB4242929A129B88 /* CDVLogger.m in Sources */,
				B68501C7C174465CB42A3BFF /* CDVContacts.m in Sources */,
				DE5209AEC2D1407EB4C9CD55 /* CDVContact.m in Sources */,
				46D0647D118444F5A90BA4DA /* CDVDevice.m in Sources */,
				7E6EC6B57FA549EFA1A6D2C6 /* CDVAccelerometer.m in Sources */,
				6CCB939CA60049609A7AA0DC /* CDVCompass.m in Sources */,
				EB7B5E7B1531472EB16B40C3 /* CDVNotification.m in Sources */,
				171428D6EEEE474C88302413 /* CDVFileTransfer.m in Sources */,
				023142FBB5704BBF8017D20E /* CDVLocation.m in Sources */,
				58F12FED358D4020AE5EB6E8 /* CDVGlobalization.m in Sources */,
				7EBDABE892B3423592D7E8A9 /* CDVInAppBrowser.m in Sources */,
				143D11249A0440719019FE76 /* CDVSound.m in Sources */,
				58AEC43E98584AC1B3B41771 /* CDVConnection.m in Sources */,
				CA2DB7B3BD104CE4A0879F8B /* CDVReachability.m in Sources */,
				7B585E44B4194CBABFC23F6D /* CDVSplashScreen.m in Sources */,
				5A5B2645DF154090B44C34EE /* CDVViewController+SplashScreen.m in Sources */,
				27E3CD978EF3433CB5DF665E /* CDVStatusBar.m in Sources */,
				5CC1E56CAED849768BD89FCD /* CDVVibration.m in Sources */,
			);
			runOnlyForDeploymentPostprocessing = 0;
		};
/* End PBXSourcesBuildPhase section */

/* Begin PBXTargetDependency section */
		301BF551109A68C00062928A /* PBXTargetDependency */ = {
			isa = PBXTargetDependency;
			name = CordovaLib;
			targetProxy = 301BF550109A68C00062928A /* PBXContainerItemProxy */;
		};
/* End PBXTargetDependency section */

/* Begin XCBuildConfiguration section */
		1D6058940D05DD3E006BFB54 /* Debug */ = {
			isa = XCBuildConfiguration;
			baseConfigurationReference = 3047A50F1AB8059700498E2A /* build-debug.xcconfig */;
			buildSettings = {
				ALWAYS_SEARCH_USER_PATHS = NO;
				ASSETCATALOG_COMPILER_APPICON_NAME = AppIcon;
				ASSETCATALOG_COMPILER_LAUNCHIMAGE_NAME = LaunchImage;
				CLANG_ENABLE_MODULES = YES;
				CLANG_ENABLE_OBJC_ARC = YES;
				COPY_PHASE_STRIP = NO;
				DEVELOPMENT_TEAM = FPH8JHN78A;
				GCC_DYNAMIC_NO_PIC = NO;
				GCC_OPTIMIZATION_LEVEL = 0;
				GCC_PRECOMPILE_PREFIX_HEADER = YES;
				GCC_PREFIX_HEADER = "Explorer/Explorer-Prefix.pch";
				GCC_THUMB_SUPPORT = NO;
				GCC_VERSION = "";
				INFOPLIST_FILE = "Explorer/Explorer-Info.plist";
				IPHONEOS_DEPLOYMENT_TARGET = 10.2;
				LD_RUNPATH_SEARCH_PATHS = "@executable_path/Frameworks";
				PRODUCT_BUNDLE_IDENTIFIER = com.rto0.road2zero;
				PRODUCT_NAME = Explorer;
				TARGETED_DEVICE_FAMILY = "1,2";
			};
			name = Debug;
		};
		1D6058950D05DD3E006BFB54 /* Release */ = {
			isa = XCBuildConfiguration;
			baseConfigurationReference = 3047A5101AB8059700498E2A /* build-release.xcconfig */;
			buildSettings = {
				ALWAYS_SEARCH_USER_PATHS = NO;
				ASSETCATALOG_COMPILER_APPICON_NAME = AppIcon;
				ASSETCATALOG_COMPILER_LAUNCHIMAGE_NAME = LaunchImage;
				CLANG_ENABLE_MODULES = YES;
				CLANG_ENABLE_OBJC_ARC = YES;
				COPY_PHASE_STRIP = YES;
				DEVELOPMENT_TEAM = FPH8JHN78A;
				GCC_PRECOMPILE_PREFIX_HEADER = YES;
				GCC_PREFIX_HEADER = "Explorer/Explorer-Prefix.pch";
				GCC_THUMB_SUPPORT = NO;
				GCC_VERSION = "";
				INFOPLIST_FILE = "Explorer/Explorer-Info.plist";
				IPHONEOS_DEPLOYMENT_TARGET = 10.2;
				LD_RUNPATH_SEARCH_PATHS = "@executable_path/Frameworks";
				PRODUCT_BUNDLE_IDENTIFIER = com.rto0.road2zero;
				PRODUCT_NAME = Explorer;
				TARGETED_DEVICE_FAMILY = "1,2";
			};
			name = Release;
		};
		C01FCF4F08A954540054247B /* Debug */ = {
			isa = XCBuildConfiguration;
			baseConfigurationReference = 3047A5111AB8059700498E2A /* build.xcconfig */;
			buildSettings = {
				ASSETCATALOG_COMPILER_LAUNCHIMAGE_NAME = LaunchImage;
				CLANG_ENABLE_MODULES = YES;
				CLANG_ENABLE_OBJC_ARC = YES;
				CLANG_WARN_BOOL_CONVERSION = YES;
				CLANG_WARN_CONSTANT_CONVERSION = YES;
				CLANG_WARN_EMPTY_BODY = YES;
				CLANG_WARN_ENUM_CONVERSION = YES;
				CLANG_WARN_INFINITE_RECURSION = YES;
				CLANG_WARN_INT_CONVERSION = YES;
				CLANG_WARN_SUSPICIOUS_MOVE = YES;
				CLANG_WARN_UNREACHABLE_CODE = YES;
				CLANG_WARN__DUPLICATE_METHOD_MATCH = YES;
				ENABLE_STRICT_OBJC_MSGSEND = YES;
				ENABLE_TESTABILITY = YES;
				GCC_C_LANGUAGE_STANDARD = c99;
				GCC_NO_COMMON_BLOCKS = YES;
				GCC_THUMB_SUPPORT = NO;
				GCC_VERSION = "";
				GCC_WARN_64_TO_32_BIT_CONVERSION = YES;
				GCC_WARN_ABOUT_RETURN_TYPE = YES;
				GCC_WARN_UNDECLARED_SELECTOR = YES;
				GCC_WARN_UNINITIALIZED_AUTOS = YES;
				GCC_WARN_UNUSED_FUNCTION = YES;
				GCC_WARN_UNUSED_VARIABLE = YES;
				ONLY_ACTIVE_ARCH = YES;
				SDKROOT = iphoneos;
				SKIP_INSTALL = NO;
			};
			name = Debug;
		};
		C01FCF5008A954540054247B /* Release */ = {
			isa = XCBuildConfiguration;
			baseConfigurationReference = 3047A5111AB8059700498E2A /* build.xcconfig */;
			buildSettings = {
				ASSETCATALOG_COMPILER_LAUNCHIMAGE_NAME = LaunchImage;
				CLANG_ENABLE_MODULES = YES;
				CLANG_ENABLE_OBJC_ARC = YES;
				CLANG_WARN_BOOL_CONVERSION = YES;
				CLANG_WARN_CONSTANT_CONVERSION = YES;
				CLANG_WARN_EMPTY_BODY = YES;
				CLANG_WARN_ENUM_CONVERSION = YES;
				CLANG_WARN_INFINITE_RECURSION = YES;
				CLANG_WARN_INT_CONVERSION = YES;
				CLANG_WARN_SUSPICIOUS_MOVE = YES;
				CLANG_WARN_UNREACHABLE_CODE = YES;
				CLANG_WARN__DUPLICATE_METHOD_MATCH = YES;
				ENABLE_STRICT_OBJC_MSGSEND = YES;
				GCC_C_LANGUAGE_STANDARD = c99;
				GCC_NO_COMMON_BLOCKS = YES;
				GCC_THUMB_SUPPORT = NO;
				GCC_VERSION = "";
				GCC_WARN_64_TO_32_BIT_CONVERSION = YES;
				GCC_WARN_ABOUT_RETURN_TYPE = YES;
				GCC_WARN_UNDECLARED_SELECTOR = YES;
				GCC_WARN_UNINITIALIZED_AUTOS = YES;
				GCC_WARN_UNUSED_FUNCTION = YES;
				GCC_WARN_UNUSED_VARIABLE = YES;
				SDKROOT = iphoneos;
				SKIP_INSTALL = NO;
			};
			name = Release;
		};
/* End XCBuildConfiguration section */

/* Begin XCConfigurationList section */
		1D6058960D05DD3E006BFB54 /* Build configuration list for PBXNativeTarget "Explorer" */ = {
			isa = XCConfigurationList;
			buildConfigurations = (
				1D6058940D05DD3E006BFB54 /* Debug */,
				1D6058950D05DD3E006BFB54 /* Release */,
			);
			defaultConfigurationIsVisible = 0;
			defaultConfigurationName = Release;
		};
		C01FCF4E08A954540054247B /* Build configuration list for PBXProject "Explorer" */ = {
			isa = XCConfigurationList;
			buildConfigurations = (
				C01FCF4F08A954540054247B /* Debug */,
				C01FCF5008A954540054247B /* Release */,
			);
			defaultConfigurationIsVisible = 0;
			defaultConfigurationName = Release;
		};
/* End XCConfigurationList section */
	};
	rootObject = 29B97313FDCFA39411CA2CEA /* Project object */;
}
